
Microsoft Visual Studio Solution File, Format Version 12.00
# Visual Studio Version 17
VisualStudioVersion = 17.14.36310.24 d17.14
MinimumVisualStudioVersion = 10.0.40219.1
Project("{FAE04EC0-301F-11D3-BF4B-00C04F79EFBC}") = "Semana 3 - FA", "Semana 3 - FA\Semana 3 - FA.csproj", "{9CCAD165-853D-4740-B6D2-F20A7789FF58}"
EndProject
Project("{888888A0-9F3D-457C-B088-3A5042F75D52}") = "Semana3_Python", "Semana3_Python\Semana3_Python.pyproj", "{F792AD48-8364-4A83-9463-156DA63B7F9F}"
EndProject
Global
	GlobalSection(SolutionConfigurationPlatforms) = preSolution
		Debug|Any CPU = Debug|Any CPU
		Release|Any CPU = Release|Any CPU
	EndGlobalSection
	GlobalSection(ProjectConfigurationPlatforms) = postSolution
		{9CCAD165-853D-4740-B6D2-F20A7789FF58}.Debug|Any CPU.ActiveCfg = Debug|Any CPU
		{9CCAD165-853D-4740-B6D2-F20A7789FF58}.Debug|Any CPU.Build.0 = Debug|Any CPU
		{9CCAD165-853D-4740-B6D2-F20A7789FF58}.Release|Any CPU.ActiveCfg = Release|Any CPU
		{9CCAD165-853D-4740-B6D2-F20A7789FF58}.Release|Any CPU.Build.0 = Release|Any CPU
		{F792AD48-8364-4A83-9463-156DA63B7F9F}.Debug|Any CPU.ActiveCfg = Debug|Any CPU
		{F792AD48-8364-4A83-9463-156DA63B7F9F}.Release|Any CPU.ActiveCfg = Release|Any CPU
	EndGlobalSection
	GlobalSection(SolutionProperties) = preSolution
		HideSolutionNode = FALSE
	EndGlobalSection
	GlobalSection(ExtensibilityGlobals) = postSolution
		SolutionGuid = {0D7B096C-57BB-45E3-A06F-A238D5BDC335}
	EndGlobalSection
EndGlobal
